
Microsoft Visual Studio Solution File, Format Version 12.00
Project("{2150E333-8FDC-42A3-9474-1A3956D46DE8}") = "src", "src", "{A40F8CC6-AAE8-4C19-971F-029EF7C386E4}"
EndProject
Project("{2150E333-8FDC-42A3-9474-1A3956D46DE8}") = "tests", "tests", "{A1D25245-5507-4D33-8E04-4F4936B7364B}"
EndProject
Project("{FAE04EC0-301F-11D3-BF4B-00C04F79EFBC}") = "OAINet.Node", "src\OAINet.Node\OAINet.Node.csproj", "{CC3DB79C-1455-4B2B-A45A-29DD2E80C21B}"
EndProject
Project("{FAE04EC0-301F-11D3-BF4B-00C04F79EFBC}") = "OAINet.TMiner", "src\OAINet.TMiner\OAINet.TMiner.csproj", "{CF1784EA-6DA4-488A-8C64-89ABF613792B}"
EndProject
Project("{FAE04EC0-301F-11D3-BF4B-00C04F79EFBC}") = "OAINet.CliClient", "src\OAINet.CliClient\OAINet.CliClient.csproj", "{EF0C6545-397F-428A-8573-B322AA9BBBD1}"
EndProject
Project("{2150E333-8FDC-42A3-9474-1A3956D46DE8}") = "Network", "Network", "{407FBDFB-DCD7-4F58-937A-BAA415F30194}"
EndProject
Project("{FAE04EC0-301F-11D3-BF4B-00C04F79EFBC}") = "OAINet.Common", "src\OAINet.Common\OAINet.Common.csproj", "{23D14EF8-110F-45BF-81A7-8DCB98452BE5}"
EndProject
Project("{2150E333-8FDC-42A3-9474-1A3956D46DE8}") = "User", "User", "{09CE3818-449F-49DA-B4CE-92064EF2FAC2}"
EndProject
Project("{FAE04EC0-301F-11D3-BF4B-00C04F79EFBC}") = "OAINet.Protocol.HttpsProtocolSupport", "src\OAINet.Protocol.HttpsProtocolSupport\OAINet.Protocol.HttpsProtocolSupport.csproj", "{F9E80F8C-09E6-422B-9A00-74737B1D9D30}"
EndProject
Project("{FAE04EC0-301F-11D3-BF4B-00C04F79EFBC}") = "OAINet.Protocol.WebSocketSupport", "src\OAINet.Protocol.WebSocketSupport\OAINet.Protocol.WebSocketSupport.csproj", "{EC35114C-BBED-4CB7-B1A3-3E8274EE9E65}"
EndProject
Project("{FAE04EC0-301F-11D3-BF4B-00C04F79EFBC}") = "OAINet.Protocol.RPCSupport", "src\OAINet.Protocol.RPCSupport\OAINet.Protocol.RPCSupport.csproj", "{73DC56B0-244B-49C8-9628-E78C33925513}"
EndProject
Project("{FAE04EC0-301F-11D3-BF4B-00C04F79EFBC}") = "OAINet.Blockchain.Store", "src\OAINet.Blockchain.Store\OAINet.Blockchain.Store.csproj", "{5F8B2B74-FE5A-4D7B-8AAC-BDB541FE2447}"
EndProject
Project("{FAE04EC0-301F-11D3-BF4B-00C04F79EFBC}") = "OAINet.DependencyInjection", "src\OAINet.DependencyInjection\OAINet.DependencyInjection.csproj", "{616CE977-7EED-4163-BA8E-C59D944ACA1F}"
EndProject
Global
	GlobalSection(SolutionConfigurationPlatforms) = preSolution
		Debug|Any CPU = Debug|Any CPU
		Release|Any CPU = Release|Any CPU
	EndGlobalSection
	GlobalSection(NestedProjects) = preSolution
		{CF1784EA-6DA4-488A-8C64-89ABF613792B} = {A40F8CC6-AAE8-4C19-971F-029EF7C386E4}
		{407FBDFB-DCD7-4F58-937A-BAA415F30194} = {A40F8CC6-AAE8-4C19-971F-029EF7C386E4}
		{CC3DB79C-1455-4B2B-A45A-29DD2E80C21B} = {407FBDFB-DCD7-4F58-937A-BAA415F30194}
		{23D14EF8-110F-45BF-81A7-8DCB98452BE5} = {A40F8CC6-AAE8-4C19-971F-029EF7C386E4}
		{09CE3818-449F-49DA-B4CE-92064EF2FAC2} = {A40F8CC6-AAE8-4C19-971F-029EF7C386E4}
		{EF0C6545-397F-428A-8573-B322AA9BBBD1} = {09CE3818-449F-49DA-B4CE-92064EF2FAC2}
		{F9E80F8C-09E6-422B-9A00-74737B1D9D30} = {407FBDFB-DCD7-4F58-937A-BAA415F30194}
		{EC35114C-BBED-4CB7-B1A3-3E8274EE9E65} = {407FBDFB-DCD7-4F58-937A-BAA415F30194}
		{73DC56B0-244B-49C8-9628-E78C33925513} = {407FBDFB-DCD7-4F58-937A-BAA415F30194}
		{5F8B2B74-FE5A-4D7B-8AAC-BDB541FE2447} = {407FBDFB-DCD7-4F58-937A-BAA415F30194}
		{616CE977-7EED-4163-BA8E-C59D944ACA1F} = {407FBDFB-DCD7-4F58-937A-BAA415F30194}
	EndGlobalSection
	GlobalSection(ProjectConfigurationPlatforms) = postSolution
		{CC3DB79C-1455-4B2B-A45A-29DD2E80C21B}.Debug|Any CPU.ActiveCfg = Debug|Any CPU
		{CC3DB79C-1455-4B2B-A45A-29DD2E80C21B}.Debug|Any CPU.Build.0 = Debug|Any CPU
		{CC3DB79C-1455-4B2B-A45A-29DD2E80C21B}.Release|Any CPU.ActiveCfg = Release|Any CPU
		{CC3DB79C-1455-4B2B-A45A-29DD2E80C21B}.Release|Any CPU.Build.0 = Release|Any CPU
		{CF1784EA-6DA4-488A-8C64-89ABF613792B}.Debug|Any CPU.ActiveCfg = Debug|Any CPU
		{CF1784EA-6DA4-488A-8C64-89ABF613792B}.Debug|Any CPU.Build.0 = Debug|Any CPU
		{CF1784EA-6DA4-488A-8C64-89ABF613792B}.Release|Any CPU.ActiveCfg = Release|Any CPU
		{CF1784EA-6DA4-488A-8C64-89ABF613792B}.Release|Any CPU.Build.0 = Release|Any CPU
		{EF0C6545-397F-428A-8573-B322AA9BBBD1}.Debug|Any CPU.ActiveCfg = Debug|Any CPU
		{EF0C6545-397F-428A-8573-B322AA9BBBD1}.Debug|Any CPU.Build.0 = Debug|Any CPU
		{EF0C6545-397F-428A-8573-B322AA9BBBD1}.Release|Any CPU.ActiveCfg = Release|Any CPU
		{EF0C6545-397F-428A-8573-B322AA9BBBD1}.Release|Any CPU.Build.0 = Release|Any CPU
		{23D14EF8-110F-45BF-81A7-8DCB98452BE5}.Debug|Any CPU.ActiveCfg = Debug|Any CPU
		{23D14EF8-110F-45BF-81A7-8DCB98452BE5}.Debug|Any CPU.Build.0 = Debug|Any CPU
		{23D14EF8-110F-45BF-81A7-8DCB98452BE5}.Release|Any CPU.ActiveCfg = Release|Any CPU
		{23D14EF8-110F-45BF-81A7-8DCB98452BE5}.Release|Any CPU.Build.0 = Release|Any CPU
		{F9E80F8C-09E6-422B-9A00-74737B1D9D30}.Debug|Any CPU.ActiveCfg = Debug|Any CPU
		{F9E80F8C-09E6-422B-9A00-74737B1D9D30}.Debug|Any CPU.Build.0 = Debug|Any CPU
		{F9E80F8C-09E6-422B-9A00-74737B1D9D30}.Release|Any CPU.ActiveCfg = Release|Any CPU
		{F9E80F8C-09E6-422B-9A00-74737B1D9D30}.Release|Any CPU.Build.0 = Release|Any CPU
		{EC35114C-BBED-4CB7-B1A3-3E8274EE9E65}.Debug|Any CPU.ActiveCfg = Debug|Any CPU
		{EC35114C-BBED-4CB7-B1A3-3E8274EE9E65}.Debug|Any CPU.Build.0 = Debug|Any CPU
		{EC35114C-BBED-4CB7-B1A3-3E8274EE9E65}.Release|Any CPU.ActiveCfg = Release|Any CPU
		{EC35114C-BBED-4CB7-B1A3-3E8274EE9E65}.Release|Any CPU.Build.0 = Release|Any CPU
		{73DC56B0-244B-49C8-9628-E78C33925513}.Debug|Any CPU.ActiveCfg = Debug|Any CPU
		{73DC56B0-244B-49C8-9628-E78C33925513}.Debug|Any CPU.Build.0 = Debug|Any CPU
		{73DC56B0-244B-49C8-9628-E78C33925513}.Release|Any CPU.ActiveCfg = Release|Any CPU
		{73DC56B0-244B-49C8-9628-E78C33925513}.Release|Any CPU.Build.0 = Release|Any CPU
		{5F8B2B74-FE5A-4D7B-8AAC-BDB541FE2447}.Debug|Any CPU.ActiveCfg = Debug|Any CPU
		{5F8B2B74-FE5A-4D7B-8AAC-BDB541FE2447}.Debug|Any CPU.Build.0 = Debug|Any CPU
		{5F8B2B74-FE5A-4D7B-8AAC-BDB541FE2447}.Release|Any CPU.ActiveCfg = Release|Any CPU
		{5F8B2B74-FE5A-4D7B-8AAC-BDB541FE2447}.Release|Any CPU.Build.0 = Release|Any CPU
		{616CE977-7EED-4163-BA8E-C59D944ACA1F}.Debug|Any CPU.ActiveCfg = Debug|Any CPU
		{616CE977-7EED-4163-BA8E-C59D944ACA1F}.Debug|Any CPU.Build.0 = Debug|Any CPU
		{616CE977-7EED-4163-BA8E-C59D944ACA1F}.Release|Any CPU.ActiveCfg = Release|Any CPU
		{616CE977-7EED-4163-BA8E-C59D944ACA1F}.Release|Any CPU.Build.0 = Release|Any CPU
	EndGlobalSection
EndGlobal
