
Microsoft Visual Studio Solution File, Format Version 12.00
Project("{2150E333-8FDC-42A3-9474-1A3956D46DE8}") = "src", "src", "{A40F8CC6-AAE8-4C19-971F-029EF7C386E4}"
EndProject
Project("{2150E333-8FDC-42A3-9474-1A3956D46DE8}") = "tests", "tests", "{A1D25245-5507-4D33-8E04-4F4936B7364B}"
EndProject
Project("{FAE04EC0-301F-11D3-BF4B-00C04F79EFBC}") = "OAINet.Node", "src\OAINet.Node\OAINet.Node.csproj", "{CC3DB79C-1455-4B2B-A45A-29DD2E80C21B}"
EndProject
Global
	GlobalSection(SolutionConfigurationPlatforms) = preSolution
		Debug|Any CPU = Debug|Any CPU
		Release|Any CPU = Release|Any CPU
	EndGlobalSection
	GlobalSection(NestedProjects) = preSolution
		{CC3DB79C-1455-4B2B-A45A-29DD2E80C21B} = {A40F8CC6-AAE8-4C19-971F-029EF7C386E4}
	EndGlobalSection
	GlobalSection(ProjectConfigurationPlatforms) = postSolution
		{CC3DB79C-1455-4B2B-A45A-29DD2E80C21B}.Debug|Any CPU.ActiveCfg = Debug|Any CPU
		{CC3DB79C-1455-4B2B-A45A-29DD2E80C21B}.Debug|Any CPU.Build.0 = Debug|Any CPU
		{CC3DB79C-1455-4B2B-A45A-29DD2E80C21B}.Release|Any CPU.ActiveCfg = Release|Any CPU
		{CC3DB79C-1455-4B2B-A45A-29DD2E80C21B}.Release|Any CPU.Build.0 = Release|Any CPU
	EndGlobalSection
EndGlobal
